<?xml version="1.0" encoding="UTF-8" standalone="yes" ?>
<CodeBlocks_project_file>
   <FileVersion major="1" minor="6" />
   <Project>
      <Option title="jeti" />
      <Option makefile_is_custom="1" />
      <Option compiler="gcc" />
      <Option virtualFolders="CMake Files\;CMake Files\..\;CMake Files\..\..\;CMake Files\..\..\macros\;CMake Files\..\..\macros\cmake\;" />
      <Build>
      <Target title="all">
         <Option working_dir="/media/diverlin/3e183862-5083-48fc-903c-1674c369d41a/workspace/mine/coldstars/src/jeti-build" />
         <Option type="4" />
         <MakeCommands>
            <Build command="/usr/bin/make -f &quot;/media/diverlin/3e183862-5083-48fc-903c-1674c369d41a/workspace/mine/coldstars/src/jeti-build/Makefile&quot;  VERBOSE=1 all" />
            <CompileFile command="/usr/bin/make -f &quot;/media/diverlin/3e183862-5083-48fc-903c-1674c369d41a/workspace/mine/coldstars/src/jeti-build/Makefile&quot;  VERBOSE=1 &quot;$file&quot;" />
            <Clean command="/usr/bin/make -f &quot;/media/diverlin/3e183862-5083-48fc-903c-1674c369d41a/workspace/mine/coldstars/src/jeti-build/Makefile&quot;  VERBOSE=1 clean" />
            <DistClean command="/usr/bin/make -f &quot;/media/diverlin/3e183862-5083-48fc-903c-1674c369d41a/workspace/mine/coldstars/src/jeti-build/Makefile&quot;  VERBOSE=1 clean" />
         </MakeCommands>
      </Target>
      <Target title="edit_cache">
         <Option working_dir="/media/diverlin/3e183862-5083-48fc-903c-1674c369d41a/workspace/mine/coldstars/src/jeti-build" />
         <Option type="4" />
         <MakeCommands>
            <Build command="/usr/bin/make -f &quot;/media/diverlin/3e183862-5083-48fc-903c-1674c369d41a/workspace/mine/coldstars/src/jeti-build/Makefile&quot;  VERBOSE=1 edit_cache" />
            <CompileFile command="/usr/bin/make -f &quot;/media/diverlin/3e183862-5083-48fc-903c-1674c369d41a/workspace/mine/coldstars/src/jeti-build/Makefile&quot;  VERBOSE=1 &quot;$file&quot;" />
            <Clean command="/usr/bin/make -f &quot;/media/diverlin/3e183862-5083-48fc-903c-1674c369d41a/workspace/mine/coldstars/src/jeti-build/Makefile&quot;  VERBOSE=1 clean" />
            <DistClean command="/usr/bin/make -f &quot;/media/diverlin/3e183862-5083-48fc-903c-1674c369d41a/workspace/mine/coldstars/src/jeti-build/Makefile&quot;  VERBOSE=1 clean" />
         </MakeCommands>
      </Target>
      <Target title="jeti">
         <Option output="/media/diverlin/3e183862-5083-48fc-903c-1674c369d41a/workspace/mine/coldstars/src/jeti-build/libjeti.a" prefix_auto="0" extension_auto="0" />
         <Option working_dir="/media/diverlin/3e183862-5083-48fc-903c-1674c369d41a/workspace/mine/coldstars/src/jeti-build" />
         <Option object_output="./" />
         <Option type="2" />
         <Option compiler="gcc" />
         <Compiler>
            <Add option="-DGLM_FORCE_RADIANS" />
            <Add directory="/media/diverlin/3e183862-5083-48fc-903c-1674c369d41a/workspace/mine/coldstars/src/jeti" />
            <Add directory="/media/diverlin/3e183862-5083-48fc-903c-1674c369d41a/workspace/mine/coldstars/src/jeti/../game" />
            <Add directory="/usr/include" />
            <Add directory="/usr/include/c++/4.8" />
            <Add directory="/usr/include/c++/4.8/backward" />
            <Add directory="/usr/include/x86_64-linux-gnu" />
            <Add directory="/usr/include/x86_64-linux-gnu/c++/4.8" />
            <Add directory="/usr/lib/gcc/x86_64-linux-gnu/4.8/include" />
            <Add directory="/usr/lib/gcc/x86_64-linux-gnu/4.8/include-fixed" />
            <Add directory="/usr/local/include" />
         </Compiler>
         <MakeCommands>
            <Build command="/usr/bin/make -f &quot;/media/diverlin/3e183862-5083-48fc-903c-1674c369d41a/workspace/mine/coldstars/src/jeti-build/Makefile&quot;  VERBOSE=1 jeti" />
            <CompileFile command="/usr/bin/make -f &quot;/media/diverlin/3e183862-5083-48fc-903c-1674c369d41a/workspace/mine/coldstars/src/jeti-build/Makefile&quot;  VERBOSE=1 &quot;$file&quot;" />
            <Clean command="/usr/bin/make -f &quot;/media/diverlin/3e183862-5083-48fc-903c-1674c369d41a/workspace/mine/coldstars/src/jeti-build/Makefile&quot;  VERBOSE=1 clean" />
            <DistClean command="/usr/bin/make -f &quot;/media/diverlin/3e183862-5083-48fc-903c-1674c369d41a/workspace/mine/coldstars/src/jeti-build/Makefile&quot;  VERBOSE=1 clean" />
         </MakeCommands>
      </Target>
      <Target title="jeti/fast">
         <Option output="/media/diverlin/3e183862-5083-48fc-903c-1674c369d41a/workspace/mine/coldstars/src/jeti-build/libjeti.a" prefix_auto="0" extension_auto="0" />
         <Option working_dir="/media/diverlin/3e183862-5083-48fc-903c-1674c369d41a/workspace/mine/coldstars/src/jeti-build" />
         <Option object_output="./" />
         <Option type="2" />
         <Option compiler="gcc" />
         <Compiler>
            <Add option="-DGLM_FORCE_RADIANS" />
            <Add directory="/media/diverlin/3e183862-5083-48fc-903c-1674c369d41a/workspace/mine/coldstars/src/jeti" />
            <Add directory="/media/diverlin/3e183862-5083-48fc-903c-1674c369d41a/workspace/mine/coldstars/src/jeti/../game" />
            <Add directory="/usr/include" />
            <Add directory="/usr/include/c++/4.8" />
            <Add directory="/usr/include/c++/4.8/backward" />
            <Add directory="/usr/include/x86_64-linux-gnu" />
            <Add directory="/usr/include/x86_64-linux-gnu/c++/4.8" />
            <Add directory="/usr/lib/gcc/x86_64-linux-gnu/4.8/include" />
            <Add directory="/usr/lib/gcc/x86_64-linux-gnu/4.8/include-fixed" />
            <Add directory="/usr/local/include" />
         </Compiler>
         <MakeCommands>
            <Build command="/usr/bin/make -f &quot;/media/diverlin/3e183862-5083-48fc-903c-1674c369d41a/workspace/mine/coldstars/src/jeti-build/Makefile&quot;  VERBOSE=1 jeti/fast" />
            <CompileFile command="/usr/bin/make -f &quot;/media/diverlin/3e183862-5083-48fc-903c-1674c369d41a/workspace/mine/coldstars/src/jeti-build/Makefile&quot;  VERBOSE=1 &quot;$file&quot;" />
            <Clean command="/usr/bin/make -f &quot;/media/diverlin/3e183862-5083-48fc-903c-1674c369d41a/workspace/mine/coldstars/src/jeti-build/Makefile&quot;  VERBOSE=1 clean" />
            <DistClean command="/usr/bin/make -f &quot;/media/diverlin/3e183862-5083-48fc-903c-1674c369d41a/workspace/mine/coldstars/src/jeti-build/Makefile&quot;  VERBOSE=1 clean" />
         </MakeCommands>
      </Target>
      <Target title="rebuild_cache">
         <Option working_dir="/media/diverlin/3e183862-5083-48fc-903c-1674c369d41a/workspace/mine/coldstars/src/jeti-build" />
         <Option type="4" />
         <MakeCommands>
            <Build command="/usr/bin/make -f &quot;/media/diverlin/3e183862-5083-48fc-903c-1674c369d41a/workspace/mine/coldstars/src/jeti-build/Makefile&quot;  VERBOSE=1 rebuild_cache" />
            <CompileFile command="/usr/bin/make -f &quot;/media/diverlin/3e183862-5083-48fc-903c-1674c369d41a/workspace/mine/coldstars/src/jeti-build/Makefile&quot;  VERBOSE=1 &quot;$file&quot;" />
            <Clean command="/usr/bin/make -f &quot;/media/diverlin/3e183862-5083-48fc-903c-1674c369d41a/workspace/mine/coldstars/src/jeti-build/Makefile&quot;  VERBOSE=1 clean" />
            <DistClean command="/usr/bin/make -f &quot;/media/diverlin/3e183862-5083-48fc-903c-1674c369d41a/workspace/mine/coldstars/src/jeti-build/Makefile&quot;  VERBOSE=1 clean" />
         </MakeCommands>
      </Target>
      </Build>
      <Unit filename="/media/diverlin/3e183862-5083-48fc-903c-1674c369d41a/workspace/mine/coldstars/src/jeti/AnimationEffect2D.cpp">
      </Unit>
      <Unit filename="/media/diverlin/3e183862-5083-48fc-903c-1674c369d41a/workspace/mine/coldstars/src/jeti/BaseDrawable.cpp">
      </Unit>
      <Unit filename="/media/diverlin/3e183862-5083-48fc-903c-1674c369d41a/workspace/mine/coldstars/src/jeti/Bloom.cpp">
      </Unit>
      <Unit filename="/media/diverlin/3e183862-5083-48fc-903c-1674c369d41a/workspace/mine/coldstars/src/jeti/Camera.cpp">
      </Unit>
      <Unit filename="/media/diverlin/3e183862-5083-48fc-903c-1674c369d41a/workspace/mine/coldstars/src/jeti/Fbo.cpp">
      </Unit>
      <Unit filename="/media/diverlin/3e183862-5083-48fc-903c-1674c369d41a/workspace/mine/coldstars/src/jeti/GlErrorHelper.cpp">
      </Unit>
      <Unit filename="/media/diverlin/3e183862-5083-48fc-903c-1674c369d41a/workspace/mine/coldstars/src/jeti/Mesh.cpp">
      </Unit>
      <Unit filename="/media/diverlin/3e183862-5083-48fc-903c-1674c369d41a/workspace/mine/coldstars/src/jeti/ObjLoader.cpp">
      </Unit>
      <Unit filename="/media/diverlin/3e183862-5083-48fc-903c-1674c369d41a/workspace/mine/coldstars/src/jeti/PathVisual.cpp">
      </Unit>
      <Unit filename="/media/diverlin/3e183862-5083-48fc-903c-1674c369d41a/workspace/mine/coldstars/src/jeti/Render.cpp">
      </Unit>
      <Unit filename="/media/diverlin/3e183862-5083-48fc-903c-1674c369d41a/workspace/mine/coldstars/src/jeti/SFML_Wrapper.cpp">
      </Unit>
      <Unit filename="/media/diverlin/3e183862-5083-48fc-903c-1674c369d41a/workspace/mine/coldstars/src/jeti/Screen.cpp">
      </Unit>
      <Unit filename="/media/diverlin/3e183862-5083-48fc-903c-1674c369d41a/workspace/mine/coldstars/src/jeti/ShaderLoader.cpp">
      </Unit>
      <Unit filename="/media/diverlin/3e183862-5083-48fc-903c-1674c369d41a/workspace/mine/coldstars/src/jeti/TextureOb.cpp">
      </Unit>
      <Unit filename="/media/diverlin/3e183862-5083-48fc-903c-1674c369d41a/workspace/mine/coldstars/src/jeti/animations/AnimationConstantRotation.cpp">
      </Unit>
      <Unit filename="/media/diverlin/3e183862-5083-48fc-903c-1674c369d41a/workspace/mine/coldstars/src/jeti/animations/AnimationWiggle.cpp">
      </Unit>
      <Unit filename="/media/diverlin/3e183862-5083-48fc-903c-1674c369d41a/workspace/mine/coldstars/src/jeti/particlesystem/BaseParticleSystem.cpp">
      </Unit>
      <Unit filename="/media/diverlin/3e183862-5083-48fc-903c-1674c369d41a/workspace/mine/coldstars/src/jeti/particlesystem/BlackHoleEffect.cpp">
      </Unit>
      <Unit filename="/media/diverlin/3e183862-5083-48fc-903c-1674c369d41a/workspace/mine/coldstars/src/jeti/particlesystem/DamageEffect.cpp">
      </Unit>
      <Unit filename="/media/diverlin/3e183862-5083-48fc-903c-1674c369d41a/workspace/mine/coldstars/src/jeti/particlesystem/DriveEffect.cpp">
      </Unit>
      <Unit filename="/media/diverlin/3e183862-5083-48fc-903c-1674c369d41a/workspace/mine/coldstars/src/jeti/particlesystem/ExplosionEffect.cpp">
      </Unit>
      <Unit filename="/media/diverlin/3e183862-5083-48fc-903c-1674c369d41a/workspace/mine/coldstars/src/jeti/particlesystem/Particle.cpp">
      </Unit>
      <Unit filename="/media/diverlin/3e183862-5083-48fc-903c-1674c369d41a/workspace/mine/coldstars/src/jeti/AnimationEffect2D.hpp">
      </Unit>
      <Unit filename="/media/diverlin/3e183862-5083-48fc-903c-1674c369d41a/workspace/mine/coldstars/src/jeti/BaseDrawable.hpp">
      </Unit>
      <Unit filename="/media/diverlin/3e183862-5083-48fc-903c-1674c369d41a/workspace/mine/coldstars/src/jeti/Bloom.hpp">
      </Unit>
      <Unit filename="/media/diverlin/3e183862-5083-48fc-903c-1674c369d41a/workspace/mine/coldstars/src/jeti/Camera.hpp">
      </Unit>
      <Unit filename="/media/diverlin/3e183862-5083-48fc-903c-1674c369d41a/workspace/mine/coldstars/src/jeti/Fbo.hpp">
      </Unit>
      <Unit filename="/media/diverlin/3e183862-5083-48fc-903c-1674c369d41a/workspace/mine/coldstars/src/jeti/GlErrorHelper.hpp">
      </Unit>
      <Unit filename="/media/diverlin/3e183862-5083-48fc-903c-1674c369d41a/workspace/mine/coldstars/src/jeti/Light.hpp">
      </Unit>
      <Unit filename="/media/diverlin/3e183862-5083-48fc-903c-1674c369d41a/workspace/mine/coldstars/src/jeti/Mesh.hpp">
      </Unit>
      <Unit filename="/media/diverlin/3e183862-5083-48fc-903c-1674c369d41a/workspace/mine/coldstars/src/jeti/MyGl.hpp">
      </Unit>
      <Unit filename="/media/diverlin/3e183862-5083-48fc-903c-1674c369d41a/workspace/mine/coldstars/src/jeti/ObjLoader.hpp">
      </Unit>
      <Unit filename="/media/diverlin/3e183862-5083-48fc-903c-1674c369d41a/workspace/mine/coldstars/src/jeti/PathVisual.hpp">
      </Unit>
      <Unit filename="/media/diverlin/3e183862-5083-48fc-903c-1674c369d41a/workspace/mine/coldstars/src/jeti/Render.hpp">
      </Unit>
      <Unit filename="/media/diverlin/3e183862-5083-48fc-903c-1674c369d41a/workspace/mine/coldstars/src/jeti/SFML_Wrapper.hpp">
      </Unit>
      <Unit filename="/media/diverlin/3e183862-5083-48fc-903c-1674c369d41a/workspace/mine/coldstars/src/jeti/Screen.hpp">
      </Unit>
      <Unit filename="/media/diverlin/3e183862-5083-48fc-903c-1674c369d41a/workspace/mine/coldstars/src/jeti/ShaderLoader.hpp">
      </Unit>
      <Unit filename="/media/diverlin/3e183862-5083-48fc-903c-1674c369d41a/workspace/mine/coldstars/src/jeti/Shaders.hpp">
      </Unit>
      <Unit filename="/media/diverlin/3e183862-5083-48fc-903c-1674c369d41a/workspace/mine/coldstars/src/jeti/TextureOb.hpp">
      </Unit>
      <Unit filename="/media/diverlin/3e183862-5083-48fc-903c-1674c369d41a/workspace/mine/coldstars/src/jeti/animations/AnimationConstantRotation.hpp">
      </Unit>
      <Unit filename="/media/diverlin/3e183862-5083-48fc-903c-1674c369d41a/workspace/mine/coldstars/src/jeti/animations/AnimationWiggle.hpp">
      </Unit>
      <Unit filename="/media/diverlin/3e183862-5083-48fc-903c-1674c369d41a/workspace/mine/coldstars/src/jeti/animations/BaseAnimationRotation.hpp">
      </Unit>
      <Unit filename="/media/diverlin/3e183862-5083-48fc-903c-1674c369d41a/workspace/mine/coldstars/src/jeti/constants.hpp">
      </Unit>
      <Unit filename="/media/diverlin/3e183862-5083-48fc-903c-1674c369d41a/workspace/mine/coldstars/src/jeti/particlesystem/BaseParticleSystem.hpp">
      </Unit>
      <Unit filename="/media/diverlin/3e183862-5083-48fc-903c-1674c369d41a/workspace/mine/coldstars/src/jeti/particlesystem/BlackHoleEffect.hpp">
      </Unit>
      <Unit filename="/media/diverlin/3e183862-5083-48fc-903c-1674c369d41a/workspace/mine/coldstars/src/jeti/particlesystem/DamageEffect.hpp">
      </Unit>
      <Unit filename="/media/diverlin/3e183862-5083-48fc-903c-1674c369d41a/workspace/mine/coldstars/src/jeti/particlesystem/DriveEffect.hpp">
      </Unit>
      <Unit filename="/media/diverlin/3e183862-5083-48fc-903c-1674c369d41a/workspace/mine/coldstars/src/jeti/particlesystem/ExplosionEffect.hpp">
      </Unit>
      <Unit filename="/media/diverlin/3e183862-5083-48fc-903c-1674c369d41a/workspace/mine/coldstars/src/jeti/particlesystem/Particle.hpp">
      </Unit>
      <Unit filename="/media/diverlin/3e183862-5083-48fc-903c-1674c369d41a/workspace/mine/coldstars/src/jeti/particlesystem/ParticleData.hpp">
      </Unit>
      <Unit filename="/media/diverlin/3e183862-5083-48fc-903c-1674c369d41a/workspace/mine/coldstars/src/jeti/CMakeLists.txt">
          <Option virtualFolder="CMake Files\" />
      </Unit>
      <Unit filename="/media/diverlin/3e183862-5083-48fc-903c-1674c369d41a/workspace/mine/coldstars/src/jeti/../../macros/cmake/FindGLM.cmake">
          <Option virtualFolder="CMake Files\..\..\macros\cmake\" />
      </Unit>
   </Project>
</CodeBlocks_project_file>
